
Microsoft Visual Studio Solution File, Format Version 12.00
# Visual Studio 15
Project("{FAE04EC0-301F-11D3-BF4B-00C04F79EFBC}") = "CodeTranslator", "CodeTranslator\CodeTranslator.csproj", "{533ACE8A-38EE-4FF1-880C-48B0BC8FD0E4}"
EndProject
Global
	GlobalSection(SolutionConfigurationPlatforms) = preSolution
		Debug|anycpu = Debug|anycpu
		Release|anycpu = Release|anycpu
	EndGlobalSection
	GlobalSection(ProjectConfigurationPlatforms) = postSolution
		{533ACE8A-38EE-4FF1-880C-48B0BC8FD0E4}.Debug|anycpu.ActiveCfg = Debug|anycpu
		{533ACE8A-38EE-4FF1-880C-48B0BC8FD0E4}.Debug|anycpu.Build.0 = Debug|anycpu
		{533ACE8A-38EE-4FF1-880C-48B0BC8FD0E4}.Release|anycpu.ActiveCfg = Release|anycpu
		{533ACE8A-38EE-4FF1-880C-48B0BC8FD0E4}.Release|anycpu.Build.0 = Release|anycpu
	EndGlobalSection
EndGlobal
